
Microsoft Visual Studio Solution File, Format Version 12.00
# Visual Studio 2013
VisualStudioVersion = 12.0.40629.0
MinimumVisualStudioVersion = 10.0.40219.1
Project("{FAE04EC0-301F-11D3-BF4B-00C04F79EFBC}") = "FaceRecognition", "FaceRecognition\FaceRecognition.csproj", "{F8C51845-4D6E-48F8-8012-000495FD0ABE}"
EndProject
Global
	GlobalSection(SolutionConfigurationPlatforms) = preSolution
		Debug|Any CPU = Debug|Any CPU
		Release|Any CPU = Release|Any CPU
	EndGlobalSection
	GlobalSection(ProjectConfigurationPlatforms) = postSolution
		{F8C51845-4D6E-48F8-8012-000495FD0ABE}.Debug|Any CPU.ActiveCfg = Debug|Any CPU
		{F8C51845-4D6E-48F8-8012-000495FD0ABE}.Debug|Any CPU.Build.0 = Debug|Any CPU
		{F8C51845-4D6E-48F8-8012-000495FD0ABE}.Release|Any CPU.ActiveCfg = Release|Any CPU
		{F8C51845-4D6E-48F8-8012-000495FD0ABE}.Release|Any CPU.Build.0 = Release|Any CPU
	EndGlobalSection
	GlobalSection(SolutionProperties) = preSolution
		HideSolutionNode = FALSE
	EndGlobalSection
EndGlobal
